{
  "name": "spedtstr",
  "version": "1.0.0",
  "lockfileVersion": 3,
  "requires": true,
  "packages": {
    "": {
      "name": "spedtstr",
      "version": "1.0.0",
      "license": "ISC",
      "dependencies": {
        "node-ping": "^0.1.0",
        "ping": "^0.4.4"
      }
    },
    "node_modules/node-ping": {
      "version": "0.1.0",
      "resolved": "https://registry.npmjs.org/node-ping/-/node-ping-0.1.0.tgz",
      "integrity": "sha512-JslF3C7rVWa7L/we1N4WmeLuOcIolj8GStEhU9/msbqYv/K8U3G4zKYoDIAbMMWXj+KnseAaLae7YBgSWH4F6g==",
      "engines": {
        "node": "0.6.6"
      }
    },
    "node_modules/ping": {
      "version": "0.4.4",
      "resolved": "https://registry.npmjs.org/ping/-/ping-0.4.4.tgz",
      "integrity": "sha512-56ZMC0j7SCsMMLdOoUg12VZCfj/+ZO+yfOSjaNCRrmZZr6GLbN2X/Ui56T15dI8NhiHckaw5X2pvyfAomanwqQ==",
      "engines": {
        "node": ">=4.0.0"
      }
    }
  }
}
